
Microsoft Visual Studio Solution File, Format Version 12.00
# Visual Studio Version 16
VisualStudioVersion = 16.0.31004.235
MinimumVisualStudioVersion = 10.0.40219.1
Project("{FAE04EC0-301F-11D3-BF4B-00C04F79EFBC}") = "PercySpecflowSample", "PercySpecflowSample\PercySpecflowSample.csproj", "{65F5F115-EBBA-4FEF-AD79-C1E96BFFC6E5}"
EndProject
Global
	GlobalSection(SolutionConfigurationPlatforms) = preSolution
		Debug|Any CPU = Debug|Any CPU
		Release|Any CPU = Release|Any CPU
	EndGlobalSection
	GlobalSection(ProjectConfigurationPlatforms) = postSolution
		{65F5F115-EBBA-4FEF-AD79-C1E96BFFC6E5}.Debug|Any CPU.ActiveCfg = Debug|Any CPU
		{65F5F115-EBBA-4FEF-AD79-C1E96BFFC6E5}.Debug|Any CPU.Build.0 = Debug|Any CPU
		{65F5F115-EBBA-4FEF-AD79-C1E96BFFC6E5}.Release|Any CPU.ActiveCfg = Release|Any CPU
		{65F5F115-EBBA-4FEF-AD79-C1E96BFFC6E5}.Release|Any CPU.Build.0 = Release|Any CPU
	EndGlobalSection
	GlobalSection(SolutionProperties) = preSolution
		HideSolutionNode = FALSE
	EndGlobalSection
	GlobalSection(ExtensibilityGlobals) = postSolution
		SolutionGuid = {C8C79BD5-A6B2-4959-B9DF-D676119638DA}
	EndGlobalSection
EndGlobal
