
Microsoft Visual Studio Solution File, Format Version 12.00
# Visual Studio Version 16
VisualStudioVersion = 16.0.31004.235
MinimumVisualStudioVersion = 10.0.40219.1
Project("{FAE04EC0-301F-11D3-BF4B-00C04F79EFBC}") = "Percy.Webdriver", "Percy.Webdriver\Percy.Webdriver.csproj", "{FC37D625-2994-4F44-AA66-055DD114A704}"
EndProject
Global
	GlobalSection(SolutionConfigurationPlatforms) = preSolution
		Debug|Any CPU = Debug|Any CPU
		Release|Any CPU = Release|Any CPU
	EndGlobalSection
	GlobalSection(ProjectConfigurationPlatforms) = postSolution
		{FC37D625-2994-4F44-AA66-055DD114A704}.Debug|Any CPU.ActiveCfg = Debug|Any CPU
		{FC37D625-2994-4F44-AA66-055DD114A704}.Debug|Any CPU.Build.0 = Debug|Any CPU
		{FC37D625-2994-4F44-AA66-055DD114A704}.Release|Any CPU.ActiveCfg = Release|Any CPU
		{FC37D625-2994-4F44-AA66-055DD114A704}.Release|Any CPU.Build.0 = Release|Any CPU
	EndGlobalSection
	GlobalSection(SolutionProperties) = preSolution
		HideSolutionNode = FALSE
	EndGlobalSection
	GlobalSection(ExtensibilityGlobals) = postSolution
		SolutionGuid = {0ED8113C-E73E-41EE-8595-CAAED7B274B8}
	EndGlobalSection
EndGlobal
